
Microsoft Visual Studio Solution File, Format Version 12.00
# Visual Studio Version 17
VisualStudioVersion = 17.0.31903.59
MinimumVisualStudioVersion = 10.0.40219.1
Project("{2150E333-8FDC-42A3-9474-1A3956D46DE8}") = "src", "src", "{EB4F78CA-C79D-467C-835B-19F4AA190256}"
EndProject
Project("{FAE04EC0-301F-11D3-BF4B-00C04F79EFBC}") = "AuctionService", "src\AuctionService\AuctionService.csproj", "{19343C8A-F12E-4BF7-B6E9-9A75814A2CF8}"
EndProject
Project("{FAE04EC0-301F-11D3-BF4B-00C04F79EFBC}") = "SearchService", "src\SearchService\SearchService.csproj", "{9F684D82-45AB-404F-8A7C-6E7F242591E7}"
EndProject
Project("{FAE04EC0-301F-11D3-BF4B-00C04F79EFBC}") = "Contracts", "src\Contracts\Contracts.csproj", "{A1533041-E6B7-4225-B021-66B3DE80490B}"
EndProject
Project("{FAE04EC0-301F-11D3-BF4B-00C04F79EFBC}") = "IdentityService", "src\IdentityService\IdentityService.csproj", "{FD417ACB-6698-4894-B6A7-31ABABD91CA4}"
EndProject
Project("{FAE04EC0-301F-11D3-BF4B-00C04F79EFBC}") = "GatewayService", "src\GatewayService\GatewayService.csproj", "{4DA12C43-97CC-498B-91E8-5597EA9D2C09}"
EndProject
Project("{2150E333-8FDC-42A3-9474-1A3956D46DE8}") = "tests", "tests", "{F5AD6387-9131-4290-94E1-D45A8E2EBE42}"
EndProject
Project("{FAE04EC0-301F-11D3-BF4B-00C04F79EFBC}") = "AuctionService.UnitTests", "tests\AuctionService.UnitTests\AuctionService.UnitTests.csproj", "{09628B27-BA76-4E48-A675-C8F7DB006694}"
EndProject
Project("{FAE04EC0-301F-11D3-BF4B-00C04F79EFBC}") = "AuctionService.IntegrationTests", "tests\AuctionService.IntegrationTests\AuctionService.IntegrationTests.csproj", "{244B04F0-FAA3-4ADC-9D44-1A5BAA77520A}"
EndProject
Project("{FAE04EC0-301F-11D3-BF4B-00C04F79EFBC}") = "BiddingService", "src\BiddingService\BiddingService.csproj", "{DDC717B5-B905-4A3C-B8AA-5F871F3BC6B9}"
EndProject
Global
	GlobalSection(SolutionConfigurationPlatforms) = preSolution
		Debug|Any CPU = Debug|Any CPU
		Release|Any CPU = Release|Any CPU
	EndGlobalSection
	GlobalSection(SolutionProperties) = preSolution
		HideSolutionNode = FALSE
	EndGlobalSection
	GlobalSection(ProjectConfigurationPlatforms) = postSolution
		{19343C8A-F12E-4BF7-B6E9-9A75814A2CF8}.Debug|Any CPU.ActiveCfg = Debug|Any CPU
		{19343C8A-F12E-4BF7-B6E9-9A75814A2CF8}.Debug|Any CPU.Build.0 = Debug|Any CPU
		{19343C8A-F12E-4BF7-B6E9-9A75814A2CF8}.Release|Any CPU.ActiveCfg = Release|Any CPU
		{19343C8A-F12E-4BF7-B6E9-9A75814A2CF8}.Release|Any CPU.Build.0 = Release|Any CPU
		{9F684D82-45AB-404F-8A7C-6E7F242591E7}.Debug|Any CPU.ActiveCfg = Debug|Any CPU
		{9F684D82-45AB-404F-8A7C-6E7F242591E7}.Debug|Any CPU.Build.0 = Debug|Any CPU
		{9F684D82-45AB-404F-8A7C-6E7F242591E7}.Release|Any CPU.ActiveCfg = Release|Any CPU
		{9F684D82-45AB-404F-8A7C-6E7F242591E7}.Release|Any CPU.Build.0 = Release|Any CPU
		{A1533041-E6B7-4225-B021-66B3DE80490B}.Debug|Any CPU.ActiveCfg = Debug|Any CPU
		{A1533041-E6B7-4225-B021-66B3DE80490B}.Debug|Any CPU.Build.0 = Debug|Any CPU
		{A1533041-E6B7-4225-B021-66B3DE80490B}.Release|Any CPU.ActiveCfg = Release|Any CPU
		{A1533041-E6B7-4225-B021-66B3DE80490B}.Release|Any CPU.Build.0 = Release|Any CPU
		{FD417ACB-6698-4894-B6A7-31ABABD91CA4}.Debug|Any CPU.ActiveCfg = Debug|Any CPU
		{FD417ACB-6698-4894-B6A7-31ABABD91CA4}.Debug|Any CPU.Build.0 = Debug|Any CPU
		{FD417ACB-6698-4894-B6A7-31ABABD91CA4}.Release|Any CPU.ActiveCfg = Release|Any CPU
		{FD417ACB-6698-4894-B6A7-31ABABD91CA4}.Release|Any CPU.Build.0 = Release|Any CPU
		{4DA12C43-97CC-498B-91E8-5597EA9D2C09}.Debug|Any CPU.ActiveCfg = Debug|Any CPU
		{4DA12C43-97CC-498B-91E8-5597EA9D2C09}.Debug|Any CPU.Build.0 = Debug|Any CPU
		{4DA12C43-97CC-498B-91E8-5597EA9D2C09}.Release|Any CPU.ActiveCfg = Release|Any CPU
		{4DA12C43-97CC-498B-91E8-5597EA9D2C09}.Release|Any CPU.Build.0 = Release|Any CPU
		{09628B27-BA76-4E48-A675-C8F7DB006694}.Debug|Any CPU.ActiveCfg = Debug|Any CPU
		{09628B27-BA76-4E48-A675-C8F7DB006694}.Debug|Any CPU.Build.0 = Debug|Any CPU
		{09628B27-BA76-4E48-A675-C8F7DB006694}.Release|Any CPU.ActiveCfg = Release|Any CPU
		{09628B27-BA76-4E48-A675-C8F7DB006694}.Release|Any CPU.Build.0 = Release|Any CPU
		{244B04F0-FAA3-4ADC-9D44-1A5BAA77520A}.Debug|Any CPU.ActiveCfg = Debug|Any CPU
		{244B04F0-FAA3-4ADC-9D44-1A5BAA77520A}.Debug|Any CPU.Build.0 = Debug|Any CPU
		{244B04F0-FAA3-4ADC-9D44-1A5BAA77520A}.Release|Any CPU.ActiveCfg = Release|Any CPU
		{244B04F0-FAA3-4ADC-9D44-1A5BAA77520A}.Release|Any CPU.Build.0 = Release|Any CPU
		{DDC717B5-B905-4A3C-B8AA-5F871F3BC6B9}.Debug|Any CPU.ActiveCfg = Debug|Any CPU
		{DDC717B5-B905-4A3C-B8AA-5F871F3BC6B9}.Debug|Any CPU.Build.0 = Debug|Any CPU
		{DDC717B5-B905-4A3C-B8AA-5F871F3BC6B9}.Release|Any CPU.ActiveCfg = Release|Any CPU
		{DDC717B5-B905-4A3C-B8AA-5F871F3BC6B9}.Release|Any CPU.Build.0 = Release|Any CPU
	EndGlobalSection
	GlobalSection(NestedProjects) = preSolution
		{19343C8A-F12E-4BF7-B6E9-9A75814A2CF8} = {EB4F78CA-C79D-467C-835B-19F4AA190256}
		{9F684D82-45AB-404F-8A7C-6E7F242591E7} = {EB4F78CA-C79D-467C-835B-19F4AA190256}
		{A1533041-E6B7-4225-B021-66B3DE80490B} = {EB4F78CA-C79D-467C-835B-19F4AA190256}
		{FD417ACB-6698-4894-B6A7-31ABABD91CA4} = {EB4F78CA-C79D-467C-835B-19F4AA190256}
		{4DA12C43-97CC-498B-91E8-5597EA9D2C09} = {EB4F78CA-C79D-467C-835B-19F4AA190256}
		{09628B27-BA76-4E48-A675-C8F7DB006694} = {F5AD6387-9131-4290-94E1-D45A8E2EBE42}
		{244B04F0-FAA3-4ADC-9D44-1A5BAA77520A} = {F5AD6387-9131-4290-94E1-D45A8E2EBE42}
		{DDC717B5-B905-4A3C-B8AA-5F871F3BC6B9} = {EB4F78CA-C79D-467C-835B-19F4AA190256}
	EndGlobalSection
EndGlobal
