
Microsoft Visual Studio Solution File, Format Version 12.00
# Visual Studio Version 17
VisualStudioVersion = 17.0.31903.59
MinimumVisualStudioVersion = 10.0.40219.1
Project("{2150E333-8FDC-42A3-9474-1A3956D46DE8}") = "src", "src", "{EB4F78CA-C79D-467C-835B-19F4AA190256}"
EndProject
Project("{FAE04EC0-301F-11D3-BF4B-00C04F79EFBC}") = "AuctionService", "src\AuctionService\AuctionService.csproj", "{19343C8A-F12E-4BF7-B6E9-9A75814A2CF8}"
EndProject
Project("{FAE04EC0-301F-11D3-BF4B-00C04F79EFBC}") = "SearchService", "src\SearchService\SearchService.csproj", "{9F684D82-45AB-404F-8A7C-6E7F242591E7}"
EndProject
Global
	GlobalSection(SolutionConfigurationPlatforms) = preSolution
		Debug|Any CPU = Debug|Any CPU
		Release|Any CPU = Release|Any CPU
	EndGlobalSection
	GlobalSection(SolutionProperties) = preSolution
		HideSolutionNode = FALSE
	EndGlobalSection
	GlobalSection(ProjectConfigurationPlatforms) = postSolution
		{19343C8A-F12E-4BF7-B6E9-9A75814A2CF8}.Debug|Any CPU.ActiveCfg = Debug|Any CPU
		{19343C8A-F12E-4BF7-B6E9-9A75814A2CF8}.Debug|Any CPU.Build.0 = Debug|Any CPU
		{19343C8A-F12E-4BF7-B6E9-9A75814A2CF8}.Release|Any CPU.ActiveCfg = Release|Any CPU
		{19343C8A-F12E-4BF7-B6E9-9A75814A2CF8}.Release|Any CPU.Build.0 = Release|Any CPU
		{9F684D82-45AB-404F-8A7C-6E7F242591E7}.Debug|Any CPU.ActiveCfg = Debug|Any CPU
		{9F684D82-45AB-404F-8A7C-6E7F242591E7}.Debug|Any CPU.Build.0 = Debug|Any CPU
		{9F684D82-45AB-404F-8A7C-6E7F242591E7}.Release|Any CPU.ActiveCfg = Release|Any CPU
		{9F684D82-45AB-404F-8A7C-6E7F242591E7}.Release|Any CPU.Build.0 = Release|Any CPU
	EndGlobalSection
	GlobalSection(NestedProjects) = preSolution
		{19343C8A-F12E-4BF7-B6E9-9A75814A2CF8} = {EB4F78CA-C79D-467C-835B-19F4AA190256}
		{9F684D82-45AB-404F-8A7C-6E7F242591E7} = {EB4F78CA-C79D-467C-835B-19F4AA190256}
	EndGlobalSection
EndGlobal
